
Microsoft Visual Studio Solution File, Format Version 12.00
# Visual Studio Version 16
VisualStudioVersion = 16.0.29318.209
MinimumVisualStudioVersion = 10.0.40219.1
Project("{8BC9CEB8-8B4A-11D0-8D11-00A0C91BC942}") = "sistemi numerici", "sistemi numerici\sistemi numerici.vcxproj", "{A91C9B9E-EC83-473E-9BE5-A4F47F6DA199}"
EndProject
Global
	GlobalSection(SolutionConfigurationPlatforms) = preSolution
		Debug|x64 = Debug|x64
		Debug|x86 = Debug|x86
		Release|x64 = Release|x64
		Release|x86 = Release|x86
	EndGlobalSection
	GlobalSection(ProjectConfigurationPlatforms) = postSolution
		{A91C9B9E-EC83-473E-9BE5-A4F47F6DA199}.Debug|x64.ActiveCfg = Debug|x64
		{A91C9B9E-EC83-473E-9BE5-A4F47F6DA199}.Debug|x64.Build.0 = Debug|x64
		{A91C9B9E-EC83-473E-9BE5-A4F47F6DA199}.Debug|x86.ActiveCfg = Debug|Win32
		{A91C9B9E-EC83-473E-9BE5-A4F47F6DA199}.Debug|x86.Build.0 = Debug|Win32
		{A91C9B9E-EC83-473E-9BE5-A4F47F6DA199}.Release|x64.ActiveCfg = Release|x64
		{A91C9B9E-EC83-473E-9BE5-A4F47F6DA199}.Release|x64.Build.0 = Release|x64
		{A91C9B9E-EC83-473E-9BE5-A4F47F6DA199}.Release|x86.ActiveCfg = Release|Win32
		{A91C9B9E-EC83-473E-9BE5-A4F47F6DA199}.Release|x86.Build.0 = Release|Win32
	EndGlobalSection
	GlobalSection(SolutionProperties) = preSolution
		HideSolutionNode = FALSE
	EndGlobalSection
	GlobalSection(ExtensibilityGlobals) = postSolution
		SolutionGuid = {8F4ACAAC-7348-4EC4-9E49-91A80EA62C33}
	EndGlobalSection
EndGlobal
